
Microsoft Visual Studio Solution File, Format Version 12.00
# Visual Studio Version 17
VisualStudioVersion = 17.9.34728.123
MinimumVisualStudioVersion = 10.0.40219.1
Project("{FAE04EC0-301F-11D3-BF4B-00C04F79EFBC}") = "JH_Reddit.Server", "JH_Reddit.Server\JH_Reddit.Server.csproj", "{68D9722D-4E14-474A-B9C7-1A46EFFC9013}"
EndProject
Project("{54A90642-561A-4BB1-A94E-469ADEE60C69}") = "jh_reddit.client", "jh_reddit.client\jh_reddit.client.esproj", "{F5C91285-9869-4599-B12F-0523F4DD78F6}"
EndProject
Global
	GlobalSection(SolutionConfigurationPlatforms) = preSolution
		Debug|Any CPU = Debug|Any CPU
		Release|Any CPU = Release|Any CPU
	EndGlobalSection
	GlobalSection(ProjectConfigurationPlatforms) = postSolution
		{68D9722D-4E14-474A-B9C7-1A46EFFC9013}.Debug|Any CPU.ActiveCfg = Debug|Any CPU
		{68D9722D-4E14-474A-B9C7-1A46EFFC9013}.Debug|Any CPU.Build.0 = Debug|Any CPU
		{68D9722D-4E14-474A-B9C7-1A46EFFC9013}.Release|Any CPU.ActiveCfg = Release|Any CPU
		{68D9722D-4E14-474A-B9C7-1A46EFFC9013}.Release|Any CPU.Build.0 = Release|Any CPU
		{F5C91285-9869-4599-B12F-0523F4DD78F6}.Debug|Any CPU.ActiveCfg = Debug|Any CPU
		{F5C91285-9869-4599-B12F-0523F4DD78F6}.Debug|Any CPU.Build.0 = Debug|Any CPU
		{F5C91285-9869-4599-B12F-0523F4DD78F6}.Debug|Any CPU.Deploy.0 = Debug|Any CPU
		{F5C91285-9869-4599-B12F-0523F4DD78F6}.Release|Any CPU.ActiveCfg = Release|Any CPU
		{F5C91285-9869-4599-B12F-0523F4DD78F6}.Release|Any CPU.Build.0 = Release|Any CPU
		{F5C91285-9869-4599-B12F-0523F4DD78F6}.Release|Any CPU.Deploy.0 = Release|Any CPU
	EndGlobalSection
	GlobalSection(SolutionProperties) = preSolution
		HideSolutionNode = FALSE
	EndGlobalSection
	GlobalSection(ExtensibilityGlobals) = postSolution
		SolutionGuid = {791A061F-9DA9-4415-A115-A2D2EE124BF8}
	EndGlobalSection
EndGlobal
